// !$*UTF8*$!
{
	archiveVersion = 1;
	classes = {
	};
	objectVersion = 55;
	objects = {

/* Begin PBXBuildFile section */
		2524E51D2830942C003DB3F1 /* PlacesApi.docc in Sources */ = {isa = PBXBuildFile; fileRef = 2524E51C2830942C003DB3F1 /* PlacesApi.docc */; };
		2524E5232830942C003DB3F1 /* PlacesApi.framework in Frameworks */ = {isa = PBXBuildFile; fileRef = 2524E5192830942C003DB3F1 /* PlacesApi.framework */; };
		2524E52A2830942C003DB3F1 /* PlacesApiTests.swift in Sources */ = {isa = PBXBuildFile; fileRef = 2524E5292830942C003DB3F1 /* PlacesApiTests.swift */; };
		2524E52B2830942C003DB3F1 /* PlacesApi.h in Headers */ = {isa = PBXBuildFile; fileRef = 2524E51B2830942C003DB3F1 /* PlacesApi.h */; settings = {ATTRIBUTES = (Public, ); }; };
		2524E52E2830942C003DB3F1 /* PlacesApi.framework in Frameworks */ = {isa = PBXBuildFile; fileRef = 2524E5192830942C003DB3F1 /* PlacesApi.framework */; };
		2524E52F2830942C003DB3F1 /* PlacesApi.framework in Embed Frameworks */ = {isa = PBXBuildFile; fileRef = 2524E5192830942C003DB3F1 /* PlacesApi.framework */; settings = {ATTRIBUTES = (CodeSignOnCopy, RemoveHeadersOnCopy, ); }; };
		2524E53A2831D73A003DB3F1 /* TinyConstraints in Frameworks */ = {isa = PBXBuildFile; productRef = 2524E5392831D73A003DB3F1 /* TinyConstraints */; };
		2524E53D2831DBB8003DB3F1 /* AtLunchHeader.swift in Sources */ = {isa = PBXBuildFile; fileRef = 2524E53C2831DBB8003DB3F1 /* AtLunchHeader.swift */; };
		2524E53F2831EC5F003DB3F1 /* XCAssets+Generated.swift in Sources */ = {isa = PBXBuildFile; fileRef = 2524E53E2831EC5F003DB3F1 /* XCAssets+Generated.swift */; };
		2541415F283332F1007EBB9E /* Localizable.strings in Resources */ = {isa = PBXBuildFile; fileRef = 2541415E283332F1007EBB9E /* Localizable.strings */; };
		25414161283334B6007EBB9E /* Strings+Generated.swift in Sources */ = {isa = PBXBuildFile; fileRef = 25414160283334B5007EBB9E /* Strings+Generated.swift */; };
		2541416428333D88007EBB9E /* PlacesListViewController.swift in Sources */ = {isa = PBXBuildFile; fileRef = 2541416328333D88007EBB9E /* PlacesListViewController.swift */; };
		2541416728333DBD007EBB9E /* PlacesMapViewController.swift in Sources */ = {isa = PBXBuildFile; fileRef = 2541416628333DBD007EBB9E /* PlacesMapViewController.swift */; };
		2541416A283340AC007EBB9E /* Logging in Frameworks */ = {isa = PBXBuildFile; productRef = 25414169283340AC007EBB9E /* Logging */; };
		25DCF1E02829F93E001494A2 /* AppDelegate.swift in Sources */ = {isa = PBXBuildFile; fileRef = 25DCF1DF2829F93E001494A2 /* AppDelegate.swift */; };
		25DCF1E22829F93E001494A2 /* SceneDelegate.swift in Sources */ = {isa = PBXBuildFile; fileRef = 25DCF1E12829F93E001494A2 /* SceneDelegate.swift */; };
		25DCF1E42829F93E001494A2 /* ViewController.swift in Sources */ = {isa = PBXBuildFile; fileRef = 25DCF1E32829F93E001494A2 /* ViewController.swift */; };
		25DCF1E92829F93F001494A2 /* Assets.xcassets in Resources */ = {isa = PBXBuildFile; fileRef = 25DCF1E82829F93F001494A2 /* Assets.xcassets */; };
		25DCF1EC2829F93F001494A2 /* LaunchScreen.storyboard in Resources */ = {isa = PBXBuildFile; fileRef = 25DCF1EA2829F93F001494A2 /* LaunchScreen.storyboard */; };
		25DCF1F72829F93F001494A2 /* LunchAppTests.swift in Sources */ = {isa = PBXBuildFile; fileRef = 25DCF1F62829F93F001494A2 /* LunchAppTests.swift */; };
		25DCF2012829F93F001494A2 /* LunchAppUITests.swift in Sources */ = {isa = PBXBuildFile; fileRef = 25DCF2002829F93F001494A2 /* LunchAppUITests.swift */; };
		25DCF2032829F93F001494A2 /* LunchAppUITestsLaunchTests.swift in Sources */ = {isa = PBXBuildFile; fileRef = 25DCF2022829F93F001494A2 /* LunchAppUITestsLaunchTests.swift */; };
		25DCF212282C9B1D001494A2 /* AtLunchViewController.swift in Sources */ = {isa = PBXBuildFile; fileRef = 25DCF211282C9B1C001494A2 /* AtLunchViewController.swift */; };
		25DCF217282CA0D0001494A2 /* PlaceTypes.swift in Sources */ = {isa = PBXBuildFile; fileRef = 25DCF216282CA0D0001494A2 /* PlaceTypes.swift */; };
		25DCF21B28301099001494A2 /* PlacesClient.swift in Sources */ = {isa = PBXBuildFile; fileRef = 25DCF21A28301099001494A2 /* PlacesClient.swift */; };
		25DCF21D283011C0001494A2 /* PlacesTypes.swift in Sources */ = {isa = PBXBuildFile; fileRef = 25DCF21C283011C0001494A2 /* PlacesTypes.swift */; };
		25F5035828346A7B00F4484F /* PlaceView.swift in Sources */ = {isa = PBXBuildFile; fileRef = 25F5035728346A7B00F4484F /* PlaceView.swift */; };
		25F5035A28346BB000F4484F /* StarRatingView.swift in Sources */ = {isa = PBXBuildFile; fileRef = 25F5035928346BB000F4484F /* StarRatingView.swift */; };
/* End PBXBuildFile section */

/* Begin PBXContainerItemProxy section */
		2524E5242830942C003DB3F1 /* PBXContainerItemProxy */ = {
			isa = PBXContainerItemProxy;
			containerPortal = 25DCF1D42829F93E001494A2 /* Project object */;
			proxyType = 1;
			remoteGlobalIDString = 2524E5182830942C003DB3F1;
			remoteInfo = PlacesApi;
		};
		2524E5262830942C003DB3F1 /* PBXContainerItemProxy */ = {
			isa = PBXContainerItemProxy;
			containerPortal = 25DCF1D42829F93E001494A2 /* Project object */;
			proxyType = 1;
			remoteGlobalIDString = 25DCF1DB2829F93E001494A2;
			remoteInfo = LunchApp;
		};
		2524E52C2830942C003DB3F1 /* PBXContainerItemProxy */ = {
			isa = PBXContainerItemProxy;
			containerPortal = 25DCF1D42829F93E001494A2 /* Project object */;
			proxyType = 1;
			remoteGlobalIDString = 2524E5182830942C003DB3F1;
			remoteInfo = PlacesApi;
		};
		25DCF1F32829F93F001494A2 /* PBXContainerItemProxy */ = {
			isa = PBXContainerItemProxy;
			containerPortal = 25DCF1D42829F93E001494A2 /* Project object */;
			proxyType = 1;
			remoteGlobalIDString = 25DCF1DB2829F93E001494A2;
			remoteInfo = LunchApp;
		};
		25DCF1FD2829F93F001494A2 /* PBXContainerItemProxy */ = {
			isa = PBXContainerItemProxy;
			containerPortal = 25DCF1D42829F93E001494A2 /* Project object */;
			proxyType = 1;
			remoteGlobalIDString = 25DCF1DB2829F93E001494A2;
			remoteInfo = LunchApp;
		};
/* End PBXContainerItemProxy section */

/* Begin PBXCopyFilesBuildPhase section */
		2524E5332830942C003DB3F1 /* Embed Frameworks */ = {
			isa = PBXCopyFilesBuildPhase;
			buildActionMask = 2147483647;
			dstPath = "";
			dstSubfolderSpec = 10;
			files = (
				2524E52F2830942C003DB3F1 /* PlacesApi.framework in Embed Frameworks */,
			);
			name = "Embed Frameworks";
			runOnlyForDeploymentPostprocessing = 0;
		};
/* End PBXCopyFilesBuildPhase section */

/* Begin PBXFileReference section */
		2524E51328302758003DB3F1 /* SecretsDebug.xcconfig */ = {isa = PBXFileReference; lastKnownFileType = text.xcconfig; path = SecretsDebug.xcconfig; sourceTree = "<group>"; };
		2524E5192830942C003DB3F1 /* PlacesApi.framework */ = {isa = PBXFileReference; explicitFileType = wrapper.framework; includeInIndex = 0; path = PlacesApi.framework; sourceTree = BUILT_PRODUCTS_DIR; };
		2524E51B2830942C003DB3F1 /* PlacesApi.h */ = {isa = PBXFileReference; lastKnownFileType = sourcecode.c.h; path = PlacesApi.h; sourceTree = "<group>"; };
		2524E51C2830942C003DB3F1 /* PlacesApi.docc */ = {isa = PBXFileReference; lastKnownFileType = folder.documentationcatalog; path = PlacesApi.docc; sourceTree = "<group>"; };
		2524E5222830942C003DB3F1 /* PlacesApiTests.xctest */ = {isa = PBXFileReference; explicitFileType = wrapper.cfbundle; includeInIndex = 0; path = PlacesApiTests.xctest; sourceTree = BUILT_PRODUCTS_DIR; };
		2524E5292830942C003DB3F1 /* PlacesApiTests.swift */ = {isa = PBXFileReference; lastKnownFileType = sourcecode.swift; path = PlacesApiTests.swift; sourceTree = "<group>"; };
		2524E53C2831DBB8003DB3F1 /* AtLunchHeader.swift */ = {isa = PBXFileReference; lastKnownFileType = sourcecode.swift; path = AtLunchHeader.swift; sourceTree = "<group>"; };
		2524E53E2831EC5F003DB3F1 /* XCAssets+Generated.swift */ = {isa = PBXFileReference; fileEncoding = 4; lastKnownFileType = sourcecode.swift; name = "XCAssets+Generated.swift"; path = "LunchApp/Resources/XCAssets+Generated.swift"; sourceTree = SOURCE_ROOT; };
		2541415E283332F1007EBB9E /* Localizable.strings */ = {isa = PBXFileReference; lastKnownFileType = text.plist.strings; name = Localizable.strings; path = ../Base.lproj/Localizable.strings; sourceTree = "<group>"; };
		25414160283334B5007EBB9E /* Strings+Generated.swift */ = {isa = PBXFileReference; fileEncoding = 4; lastKnownFileType = sourcecode.swift; name = "Strings+Generated.swift"; path = "LunchApp/Resources/Strings+Generated.swift"; sourceTree = SOURCE_ROOT; };
		2541416328333D88007EBB9E /* PlacesListViewController.swift */ = {isa = PBXFileReference; lastKnownFileType = sourcecode.swift; name = PlacesListViewController.swift; path = "LunchApp/Views/Places (list)/PlacesListViewController.swift"; sourceTree = SOURCE_ROOT; };
		2541416628333DBD007EBB9E /* PlacesMapViewController.swift */ = {isa = PBXFileReference; lastKnownFileType = sourcecode.swift; path = PlacesMapViewController.swift; sourceTree = "<group>"; };
		25DCF1DC2829F93E001494A2 /* LunchApp.app */ = {isa = PBXFileReference; explicitFileType = wrapper.application; includeInIndex = 0; path = LunchApp.app; sourceTree = BUILT_PRODUCTS_DIR; };
		25DCF1DF2829F93E001494A2 /* AppDelegate.swift */ = {isa = PBXFileReference; lastKnownFileType = sourcecode.swift; path = AppDelegate.swift; sourceTree = "<group>"; };
		25DCF1E12829F93E001494A2 /* SceneDelegate.swift */ = {isa = PBXFileReference; lastKnownFileType = sourcecode.swift; path = SceneDelegate.swift; sourceTree = "<group>"; };
		25DCF1E32829F93E001494A2 /* ViewController.swift */ = {isa = PBXFileReference; lastKnownFileType = sourcecode.swift; path = ViewController.swift; sourceTree = "<group>"; };
		25DCF1E82829F93F001494A2 /* Assets.xcassets */ = {isa = PBXFileReference; lastKnownFileType = folder.assetcatalog; path = Assets.xcassets; sourceTree = "<group>"; };
		25DCF1EB2829F93F001494A2 /* Base */ = {isa = PBXFileReference; lastKnownFileType = file.storyboard; name = Base; path = Base.lproj/LaunchScreen.storyboard; sourceTree = "<group>"; };
		25DCF1ED2829F93F001494A2 /* Info.plist */ = {isa = PBXFileReference; lastKnownFileType = text.plist.xml; path = Info.plist; sourceTree = "<group>"; };
		25DCF1F22829F93F001494A2 /* LunchAppTests.xctest */ = {isa = PBXFileReference; explicitFileType = wrapper.cfbundle; includeInIndex = 0; path = LunchAppTests.xctest; sourceTree = BUILT_PRODUCTS_DIR; };
		25DCF1F62829F93F001494A2 /* LunchAppTests.swift */ = {isa = PBXFileReference; lastKnownFileType = sourcecode.swift; path = LunchAppTests.swift; sourceTree = "<group>"; };
		25DCF1FC2829F93F001494A2 /* LunchAppUITests.xctest */ = {isa = PBXFileReference; explicitFileType = wrapper.cfbundle; includeInIndex = 0; path = LunchAppUITests.xctest; sourceTree = BUILT_PRODUCTS_DIR; };
		25DCF2002829F93F001494A2 /* LunchAppUITests.swift */ = {isa = PBXFileReference; lastKnownFileType = sourcecode.swift; path = LunchAppUITests.swift; sourceTree = "<group>"; };
		25DCF2022829F93F001494A2 /* LunchAppUITestsLaunchTests.swift */ = {isa = PBXFileReference; lastKnownFileType = sourcecode.swift; path = LunchAppUITestsLaunchTests.swift; sourceTree = "<group>"; };
		25DCF211282C9B1C001494A2 /* AtLunchViewController.swift */ = {isa = PBXFileReference; lastKnownFileType = sourcecode.swift; path = AtLunchViewController.swift; sourceTree = "<group>"; };
		25DCF216282CA0D0001494A2 /* PlaceTypes.swift */ = {isa = PBXFileReference; lastKnownFileType = sourcecode.swift; path = PlaceTypes.swift; sourceTree = "<group>"; };
		25DCF21A28301099001494A2 /* PlacesClient.swift */ = {isa = PBXFileReference; lastKnownFileType = sourcecode.swift; path = PlacesClient.swift; sourceTree = "<group>"; };
		25DCF21C283011C0001494A2 /* PlacesTypes.swift */ = {isa = PBXFileReference; lastKnownFileType = sourcecode.swift; path = PlacesTypes.swift; sourceTree = "<group>"; };
		25F5035728346A7B00F4484F /* PlaceView.swift */ = {isa = PBXFileReference; lastKnownFileType = sourcecode.swift; path = PlaceView.swift; sourceTree = "<group>"; };
		25F5035928346BB000F4484F /* StarRatingView.swift */ = {isa = PBXFileReference; lastKnownFileType = sourcecode.swift; path = StarRatingView.swift; sourceTree = "<group>"; };
/* End PBXFileReference section */

/* Begin PBXFrameworksBuildPhase section */
		2524E5162830942C003DB3F1 /* Frameworks */ = {
			isa = PBXFrameworksBuildPhase;
			buildActionMask = 2147483647;
			files = (
			);
			runOnlyForDeploymentPostprocessing = 0;
		};
		2524E51F2830942C003DB3F1 /* Frameworks */ = {
			isa = PBXFrameworksBuildPhase;
			buildActionMask = 2147483647;
			files = (
				2524E5232830942C003DB3F1 /* PlacesApi.framework in Frameworks */,
			);
			runOnlyForDeploymentPostprocessing = 0;
		};
		25DCF1D92829F93E001494A2 /* Frameworks */ = {
			isa = PBXFrameworksBuildPhase;
			buildActionMask = 2147483647;
			files = (
				2541416A283340AC007EBB9E /* Logging in Frameworks */,
				2524E52E2830942C003DB3F1 /* PlacesApi.framework in Frameworks */,
				2524E53A2831D73A003DB3F1 /* TinyConstraints in Frameworks */,
			);
			runOnlyForDeploymentPostprocessing = 0;
		};
		25DCF1EF2829F93F001494A2 /* Frameworks */ = {
			isa = PBXFrameworksBuildPhase;
			buildActionMask = 2147483647;
			files = (
			);
			runOnlyForDeploymentPostprocessing = 0;
		};
		25DCF1F92829F93F001494A2 /* Frameworks */ = {
			isa = PBXFrameworksBuildPhase;
			buildActionMask = 2147483647;
			files = (
			);
			runOnlyForDeploymentPostprocessing = 0;
		};
/* End PBXFrameworksBuildPhase section */

/* Begin PBXGroup section */
		2524E5122830272C003DB3F1 /* Resources */ = {
			isa = PBXGroup;
			children = (
				25414160283334B5007EBB9E /* Strings+Generated.swift */,
				2524E53E2831EC5F003DB3F1 /* XCAssets+Generated.swift */,
				2524E51328302758003DB3F1 /* SecretsDebug.xcconfig */,
				2541415E283332F1007EBB9E /* Localizable.strings */,
			);
			path = Resources;
			sourceTree = "<group>";
		};
		2524E51A2830942C003DB3F1 /* PlacesApi */ = {
			isa = PBXGroup;
			children = (
				25DCF21928300F4F001494A2 /* Places */,
				2524E51C2830942C003DB3F1 /* PlacesApi.docc */,
				2524E51B2830942C003DB3F1 /* PlacesApi.h */,
			);
			path = PlacesApi;
			sourceTree = "<group>";
		};
		2524E5282830942C003DB3F1 /* PlacesApiTests */ = {
			isa = PBXGroup;
			children = (
				2524E5292830942C003DB3F1 /* PlacesApiTests.swift */,
			);
			path = PlacesApiTests;
			sourceTree = "<group>";
		};
		2524E5372831D1D0003DB3F1 /* Places (list) */ = {
			isa = PBXGroup;
			children = (
				2541416328333D88007EBB9E /* PlacesListViewController.swift */,
			);
			path = "Places (list)";
			sourceTree = "<group>";
		};
		2524E53B2831DAB5003DB3F1 /* Views */ = {
			isa = PBXGroup;
			children = (
				2524E53C2831DBB8003DB3F1 /* AtLunchHeader.swift */,
			);
			path = Views;
			sourceTree = "<group>";
		};
		2541416528333D9B007EBB9E /* Places (map) */ = {
			isa = PBXGroup;
			children = (
				2541416628333DBD007EBB9E /* PlacesMapViewController.swift */,
			);
			path = "Places (map)";
			sourceTree = "<group>";
		};
		25DCF1D32829F93E001494A2 = {
			isa = PBXGroup;
			children = (
				25DCF1DE2829F93E001494A2 /* LunchApp */,
				25DCF1F52829F93F001494A2 /* LunchAppTests */,
				25DCF1FF2829F93F001494A2 /* LunchAppUITests */,
				2524E51A2830942C003DB3F1 /* PlacesApi */,
				2524E5282830942C003DB3F1 /* PlacesApiTests */,
				25DCF1DD2829F93E001494A2 /* Products */,
			);
			sourceTree = "<group>";
		};
		25DCF1DD2829F93E001494A2 /* Products */ = {
			isa = PBXGroup;
			children = (
				25DCF1DC2829F93E001494A2 /* LunchApp.app */,
				25DCF1F22829F93F001494A2 /* LunchAppTests.xctest */,
				25DCF1FC2829F93F001494A2 /* LunchAppUITests.xctest */,
				2524E5192830942C003DB3F1 /* PlacesApi.framework */,
				2524E5222830942C003DB3F1 /* PlacesApiTests.xctest */,
			);
			name = Products;
			sourceTree = "<group>";
		};
		25DCF1DE2829F93E001494A2 /* LunchApp */ = {
			isa = PBXGroup;
			children = (
				2524E5122830272C003DB3F1 /* Resources */,
				25DCF21828300F45001494A2 /* Services */,
				25DCF213282C9EDA001494A2 /* Models */,
				25DCF20F282C923D001494A2 /* Views */,
				25DCF1DF2829F93E001494A2 /* AppDelegate.swift */,
				25DCF1E12829F93E001494A2 /* SceneDelegate.swift */,
				25DCF1E32829F93E001494A2 /* ViewController.swift */,
				25DCF1E82829F93F001494A2 /* Assets.xcassets */,
				25DCF1EA2829F93F001494A2 /* LaunchScreen.storyboard */,
				25DCF1ED2829F93F001494A2 /* Info.plist */,
			);
			path = LunchApp;
			sourceTree = "<group>";
		};
		25DCF1F52829F93F001494A2 /* LunchAppTests */ = {
			isa = PBXGroup;
			children = (
				25DCF1F62829F93F001494A2 /* LunchAppTests.swift */,
			);
			path = LunchAppTests;
			sourceTree = "<group>";
		};
		25DCF1FF2829F93F001494A2 /* LunchAppUITests */ = {
			isa = PBXGroup;
			children = (
				25DCF2002829F93F001494A2 /* LunchAppUITests.swift */,
				25DCF2022829F93F001494A2 /* LunchAppUITestsLaunchTests.swift */,
			);
			path = LunchAppUITests;
			sourceTree = "<group>";
		};
		25DCF20F282C923D001494A2 /* Views */ = {
			isa = PBXGroup;
			children = (
				25F5035628346A2800F4484F /* Shared */,
				2541416528333D9B007EBB9E /* Places (map) */,
				2524E5372831D1D0003DB3F1 /* Places (list) */,
				25DCF210282C9A27001494A2 /* AtLunch */,
			);
			path = Views;
			sourceTree = "<group>";
		};
		25DCF210282C9A27001494A2 /* AtLunch */ = {
			isa = PBXGroup;
			children = (
				2524E53B2831DAB5003DB3F1 /* Views */,
				25DCF211282C9B1C001494A2 /* AtLunchViewController.swift */,
			);
			path = AtLunch;
			sourceTree = "<group>";
		};
		25DCF213282C9EDA001494A2 /* Models */ = {
			isa = PBXGroup;
			children = (
				25DCF215282C9F03001494A2 /* Places */,
				25DCF214282C9EF8001494A2 /* AtLunch */,
			);
			path = Models;
			sourceTree = "<group>";
		};
		25DCF214282C9EF8001494A2 /* AtLunch */ = {
			isa = PBXGroup;
			children = (
			);
			path = AtLunch;
			sourceTree = "<group>";
		};
		25DCF215282C9F03001494A2 /* Places */ = {
			isa = PBXGroup;
			children = (
				25DCF216282CA0D0001494A2 /* PlaceTypes.swift */,
			);
			path = Places;
			sourceTree = "<group>";
		};
		25DCF21828300F45001494A2 /* Services */ = {
			isa = PBXGroup;
			children = (
			);
			path = Services;
			sourceTree = "<group>";
		};
		25DCF21928300F4F001494A2 /* Places */ = {
			isa = PBXGroup;
			children = (
				25DCF21A28301099001494A2 /* PlacesClient.swift */,
				25DCF21C283011C0001494A2 /* PlacesTypes.swift */,
			);
			path = Places;
			sourceTree = "<group>";
		};
		25F5035628346A2800F4484F /* Shared */ = {
			isa = PBXGroup;
			children = (
				25F5035728346A7B00F4484F /* PlaceView.swift */,
				25F5035928346BB000F4484F /* StarRatingView.swift */,
			);
			path = Shared;
			sourceTree = "<group>";
		};
/* End PBXGroup section */

/* Begin PBXHeadersBuildPhase section */
		2524E5142830942C003DB3F1 /* Headers */ = {
			isa = PBXHeadersBuildPhase;
			buildActionMask = 2147483647;
			files = (
				2524E52B2830942C003DB3F1 /* PlacesApi.h in Headers */,
			);
			runOnlyForDeploymentPostprocessing = 0;
		};
/* End PBXHeadersBuildPhase section */

/* Begin PBXNativeTarget section */
		2524E5182830942C003DB3F1 /* PlacesApi */ = {
			isa = PBXNativeTarget;
			buildConfigurationList = 2524E5302830942C003DB3F1 /* Build configuration list for PBXNativeTarget "PlacesApi" */;
			buildPhases = (
				2524E5142830942C003DB3F1 /* Headers */,
				2524E5152830942C003DB3F1 /* Sources */,
				2524E5162830942C003DB3F1 /* Frameworks */,
				2524E5172830942C003DB3F1 /* Resources */,
			);
			buildRules = (
			);
			dependencies = (
			);
			name = PlacesApi;
			productName = PlacesApi;
			productReference = 2524E5192830942C003DB3F1 /* PlacesApi.framework */;
			productType = "com.apple.product-type.framework";
		};
		2524E5212830942C003DB3F1 /* PlacesApiTests */ = {
			isa = PBXNativeTarget;
			buildConfigurationList = 2524E5342830942C003DB3F1 /* Build configuration list for PBXNativeTarget "PlacesApiTests" */;
			buildPhases = (
				2524E51E2830942C003DB3F1 /* Sources */,
				2524E51F2830942C003DB3F1 /* Frameworks */,
				2524E5202830942C003DB3F1 /* Resources */,
			);
			buildRules = (
			);
			dependencies = (
				2524E5252830942C003DB3F1 /* PBXTargetDependency */,
				2524E5272830942C003DB3F1 /* PBXTargetDependency */,
			);
			name = PlacesApiTests;
			productName = PlacesApiTests;
			productReference = 2524E5222830942C003DB3F1 /* PlacesApiTests.xctest */;
			productType = "com.apple.product-type.bundle.unit-test";
		};
		25DCF1DB2829F93E001494A2 /* LunchApp */ = {
			isa = PBXNativeTarget;
			buildConfigurationList = 25DCF2062829F93F001494A2 /* Build configuration list for PBXNativeTarget "LunchApp" */;
			buildPhases = (
				25DCF1D82829F93E001494A2 /* Sources */,
				25F5035B283471E700F4484F /* Run swiftlint */,
				25DCF1D92829F93E001494A2 /* Frameworks */,
				25DCF1DA2829F93E001494A2 /* Resources */,
				2524E5332830942C003DB3F1 /* Embed Frameworks */,
			);
			buildRules = (
			);
			dependencies = (
				2524E52D2830942C003DB3F1 /* PBXTargetDependency */,
			);
			name = LunchApp;
			packageProductDependencies = (
				2524E5392831D73A003DB3F1 /* TinyConstraints */,
				25414169283340AC007EBB9E /* Logging */,
			);
			productName = LunchApp;
			productReference = 25DCF1DC2829F93E001494A2 /* LunchApp.app */;
			productType = "com.apple.product-type.application";
		};
		25DCF1F12829F93F001494A2 /* LunchAppTests */ = {
			isa = PBXNativeTarget;
			buildConfigurationList = 25DCF2092829F93F001494A2 /* Build configuration list for PBXNativeTarget "LunchAppTests" */;
			buildPhases = (
				25DCF1EE2829F93F001494A2 /* Sources */,
				25DCF1EF2829F93F001494A2 /* Frameworks */,
				25DCF1F02829F93F001494A2 /* Resources */,
			);
			buildRules = (
			);
			dependencies = (
				25DCF1F42829F93F001494A2 /* PBXTargetDependency */,
			);
			name = LunchAppTests;
			productName = LunchAppTests;
			productReference = 25DCF1F22829F93F001494A2 /* LunchAppTests.xctest */;
			productType = "com.apple.product-type.bundle.unit-test";
		};
		25DCF1FB2829F93F001494A2 /* LunchAppUITests */ = {
			isa = PBXNativeTarget;
			buildConfigurationList = 25DCF20C2829F93F001494A2 /* Build configuration list for PBXNativeTarget "LunchAppUITests" */;
			buildPhases = (
				25DCF1F82829F93F001494A2 /* Sources */,
				25DCF1F92829F93F001494A2 /* Frameworks */,
				25DCF1FA2829F93F001494A2 /* Resources */,
			);
			buildRules = (
			);
			dependencies = (
				25DCF1FE2829F93F001494A2 /* PBXTargetDependency */,
			);
			name = LunchAppUITests;
			productName = LunchAppUITests;
			productReference = 25DCF1FC2829F93F001494A2 /* LunchAppUITests.xctest */;
			productType = "com.apple.product-type.bundle.ui-testing";
		};
/* End PBXNativeTarget section */

/* Begin PBXProject section */
		25DCF1D42829F93E001494A2 /* Project object */ = {
			isa = PBXProject;
			attributes = {
				BuildIndependentTargetsInParallel = 1;
				LastSwiftUpdateCheck = 1330;
				LastUpgradeCheck = 1330;
				TargetAttributes = {
					2524E5182830942C003DB3F1 = {
						CreatedOnToolsVersion = 13.3.1;
					};
					2524E5212830942C003DB3F1 = {
						CreatedOnToolsVersion = 13.3.1;
						TestTargetID = 25DCF1DB2829F93E001494A2;
					};
					25DCF1DB2829F93E001494A2 = {
						CreatedOnToolsVersion = 13.3.1;
					};
					25DCF1F12829F93F001494A2 = {
						CreatedOnToolsVersion = 13.3.1;
						TestTargetID = 25DCF1DB2829F93E001494A2;
					};
					25DCF1FB2829F93F001494A2 = {
						CreatedOnToolsVersion = 13.3.1;
						TestTargetID = 25DCF1DB2829F93E001494A2;
					};
				};
			};
			buildConfigurationList = 25DCF1D72829F93E001494A2 /* Build configuration list for PBXProject "LunchApp" */;
			compatibilityVersion = "Xcode 13.0";
			developmentRegion = en;
			hasScannedForEncodings = 0;
			knownRegions = (
				en,
				Base,
			);
			mainGroup = 25DCF1D32829F93E001494A2;
			packageReferences = (
				2524E5382831D73A003DB3F1 /* XCRemoteSwiftPackageReference "TinyConstraints" */,
				25414168283340AC007EBB9E /* XCRemoteSwiftPackageReference "swift-log" */,
			);
			productRefGroup = 25DCF1DD2829F93E001494A2 /* Products */;
			projectDirPath = "";
			projectRoot = "";
			targets = (
				25DCF1DB2829F93E001494A2 /* LunchApp */,
				25DCF1F12829F93F001494A2 /* LunchAppTests */,
				25DCF1FB2829F93F001494A2 /* LunchAppUITests */,
				2524E5182830942C003DB3F1 /* PlacesApi */,
				2524E5212830942C003DB3F1 /* PlacesApiTests */,
			);
		};
/* End PBXProject section */

/* Begin PBXResourcesBuildPhase section */
		2524E5172830942C003DB3F1 /* Resources */ = {
			isa = PBXResourcesBuildPhase;
			buildActionMask = 2147483647;
			files = (
			);
			runOnlyForDeploymentPostprocessing = 0;
		};
		2524E5202830942C003DB3F1 /* Resources */ = {
			isa = PBXResourcesBuildPhase;
			buildActionMask = 2147483647;
			files = (
			);
			runOnlyForDeploymentPostprocessing = 0;
		};
		25DCF1DA2829F93E001494A2 /* Resources */ = {
			isa = PBXResourcesBuildPhase;
			buildActionMask = 2147483647;
			files = (
				25DCF1EC2829F93F001494A2 /* LaunchScreen.storyboard in Resources */,
				2541415F283332F1007EBB9E /* Localizable.strings in Resources */,
				25DCF1E92829F93F001494A2 /* Assets.xcassets in Resources */,
			);
			runOnlyForDeploymentPostprocessing = 0;
		};
		25DCF1F02829F93F001494A2 /* Resources */ = {
			isa = PBXResourcesBuildPhase;
			buildActionMask = 2147483647;
			files = (
			);
			runOnlyForDeploymentPostprocessing = 0;
		};
		25DCF1FA2829F93F001494A2 /* Resources */ = {
			isa = PBXResourcesBuildPhase;
			buildActionMask = 2147483647;
			files = (
			);
			runOnlyForDeploymentPostprocessing = 0;
		};
/* End PBXResourcesBuildPhase section */

/* Begin PBXShellScriptBuildPhase section */
		25F5035B283471E700F4484F /* Run swiftlint */ = {
			isa = PBXShellScriptBuildPhase;
			buildActionMask = 2147483647;
			files = (
			);
			inputFileListPaths = (
			);
			inputPaths = (
			);
			name = "Run swiftlint";
			outputFileListPaths = (
			);
			outputPaths = (
			);
			runOnlyForDeploymentPostprocessing = 0;
			shellPath = /bin/sh;
			shellScript = "\nif which swiftlint > /dev/null; then\n  swiftlint --path LunchApp\nelse\n  echo \"warning: SwiftLint not installed, download from https://github.com/realm/SwiftLint\"\nfi\n";
		};
/* End PBXShellScriptBuildPhase section */

/* Begin PBXSourcesBuildPhase section */
		2524E5152830942C003DB3F1 /* Sources */ = {
			isa = PBXSourcesBuildPhase;
			buildActionMask = 2147483647;
			files = (
				2524E51D2830942C003DB3F1 /* PlacesApi.docc in Sources */,
			);
			runOnlyForDeploymentPostprocessing = 0;
		};
		2524E51E2830942C003DB3F1 /* Sources */ = {
			isa = PBXSourcesBuildPhase;
			buildActionMask = 2147483647;
			files = (
				2524E52A2830942C003DB3F1 /* PlacesApiTests.swift in Sources */,
			);
			runOnlyForDeploymentPostprocessing = 0;
		};
		25DCF1D82829F93E001494A2 /* Sources */ = {
			isa = PBXSourcesBuildPhase;
			buildActionMask = 2147483647;
			files = (
				25414161283334B6007EBB9E /* Strings+Generated.swift in Sources */,
				2524E53F2831EC5F003DB3F1 /* XCAssets+Generated.swift in Sources */,
				25DCF21B28301099001494A2 /* PlacesClient.swift in Sources */,
				25DCF212282C9B1D001494A2 /* AtLunchViewController.swift in Sources */,
				25DCF1E42829F93E001494A2 /* ViewController.swift in Sources */,
				25F5035828346A7B00F4484F /* PlaceView.swift in Sources */,
				25DCF217282CA0D0001494A2 /* PlaceTypes.swift in Sources */,
				25F5035A28346BB000F4484F /* StarRatingView.swift in Sources */,
				2541416428333D88007EBB9E /* PlacesListViewController.swift in Sources */,
				25DCF1E02829F93E001494A2 /* AppDelegate.swift in Sources */,
				25DCF1E22829F93E001494A2 /* SceneDelegate.swift in Sources */,
				2541416728333DBD007EBB9E /* PlacesMapViewController.swift in Sources */,
				2524E53D2831DBB8003DB3F1 /* AtLunchHeader.swift in Sources */,
				25DCF21D283011C0001494A2 /* PlacesTypes.swift in Sources */,
			);
			runOnlyForDeploymentPostprocessing = 0;
		};
		25DCF1EE2829F93F001494A2 /* Sources */ = {
			isa = PBXSourcesBuildPhase;
			buildActionMask = 2147483647;
			files = (
				25DCF1F72829F93F001494A2 /* LunchAppTests.swift in Sources */,
			);
			runOnlyForDeploymentPostprocessing = 0;
		};
		25DCF1F82829F93F001494A2 /* Sources */ = {
			isa = PBXSourcesBuildPhase;
			buildActionMask = 2147483647;
			files = (
				25DCF2032829F93F001494A2 /* LunchAppUITestsLaunchTests.swift in Sources */,
				25DCF2012829F93F001494A2 /* LunchAppUITests.swift in Sources */,
			);
			runOnlyForDeploymentPostprocessing = 0;
		};
/* End PBXSourcesBuildPhase section */

/* Begin PBXTargetDependency section */
		2524E5252830942C003DB3F1 /* PBXTargetDependency */ = {
			isa = PBXTargetDependency;
			target = 2524E5182830942C003DB3F1 /* PlacesApi */;
			targetProxy = 2524E5242830942C003DB3F1 /* PBXContainerItemProxy */;
		};
		2524E5272830942C003DB3F1 /* PBXTargetDependency */ = {
			isa = PBXTargetDependency;
			target = 25DCF1DB2829F93E001494A2 /* LunchApp */;
			targetProxy = 2524E5262830942C003DB3F1 /* PBXContainerItemProxy */;
		};
		2524E52D2830942C003DB3F1 /* PBXTargetDependency */ = {
			isa = PBXTargetDependency;
			target = 2524E5182830942C003DB3F1 /* PlacesApi */;
			targetProxy = 2524E52C2830942C003DB3F1 /* PBXContainerItemProxy */;
		};
		25DCF1F42829F93F001494A2 /* PBXTargetDependency */ = {
			isa = PBXTargetDependency;
			target = 25DCF1DB2829F93E001494A2 /* LunchApp */;
			targetProxy = 25DCF1F32829F93F001494A2 /* PBXContainerItemProxy */;
		};
		25DCF1FE2829F93F001494A2 /* PBXTargetDependency */ = {
			isa = PBXTargetDependency;
			target = 25DCF1DB2829F93E001494A2 /* LunchApp */;
			targetProxy = 25DCF1FD2829F93F001494A2 /* PBXContainerItemProxy */;
		};
/* End PBXTargetDependency section */

/* Begin PBXVariantGroup section */
		25DCF1EA2829F93F001494A2 /* LaunchScreen.storyboard */ = {
			isa = PBXVariantGroup;
			children = (
				25DCF1EB2829F93F001494A2 /* Base */,
			);
			name = LaunchScreen.storyboard;
			sourceTree = "<group>";
		};
/* End PBXVariantGroup section */

/* Begin XCBuildConfiguration section */
		2524E5312830942C003DB3F1 /* Debug */ = {
			isa = XCBuildConfiguration;
			buildSettings = {
				CODE_SIGN_STYLE = Automatic;
				CURRENT_PROJECT_VERSION = 1;
				DEFINES_MODULE = YES;
				DEVELOPMENT_TEAM = D52A67XHNN;
				DYLIB_COMPATIBILITY_VERSION = 1;
				DYLIB_CURRENT_VERSION = 1;
				DYLIB_INSTALL_NAME_BASE = "@rpath";
				GENERATE_INFOPLIST_FILE = YES;
				INFOPLIST_KEY_NSHumanReadableCopyright = "";
				INSTALL_PATH = "$(LOCAL_LIBRARY_DIR)/Frameworks";
				LD_RUNPATH_SEARCH_PATHS = (
					"$(inherited)",
					"@executable_path/Frameworks",
					"@loader_path/Frameworks",
				);
				MARKETING_VERSION = 1.0;
				PRODUCT_BUNDLE_IDENTIFIER = dev.rootpath.PlacesApi;
				PRODUCT_NAME = "$(TARGET_NAME:c99extidentifier)";
				SKIP_INSTALL = YES;
				SWIFT_EMIT_LOC_STRINGS = YES;
				SWIFT_VERSION = 5.0;
				TARGETED_DEVICE_FAMILY = "1,2";
				VERSIONING_SYSTEM = "apple-generic";
				VERSION_INFO_PREFIX = "";
			};
			name = Debug;
		};
		2524E5322830942C003DB3F1 /* Release */ = {
			isa = XCBuildConfiguration;
			buildSettings = {
				CODE_SIGN_STYLE = Automatic;
				CURRENT_PROJECT_VERSION = 1;
				DEFINES_MODULE = YES;
				DEVELOPMENT_TEAM = D52A67XHNN;
				DYLIB_COMPATIBILITY_VERSION = 1;
				DYLIB_CURRENT_VERSION = 1;
				DYLIB_INSTALL_NAME_BASE = "@rpath";
				GENERATE_INFOPLIST_FILE = YES;
				INFOPLIST_KEY_NSHumanReadableCopyright = "";
				INSTALL_PATH = "$(LOCAL_LIBRARY_DIR)/Frameworks";
				LD_RUNPATH_SEARCH_PATHS = (
					"$(inherited)",
					"@executable_path/Frameworks",
					"@loader_path/Frameworks",
				);
				MARKETING_VERSION = 1.0;
				PRODUCT_BUNDLE_IDENTIFIER = dev.rootpath.PlacesApi;
				PRODUCT_NAME = "$(TARGET_NAME:c99extidentifier)";
				SKIP_INSTALL = YES;
				SWIFT_EMIT_LOC_STRINGS = YES;
				SWIFT_VERSION = 5.0;
				TARGETED_DEVICE_FAMILY = "1,2";
				VERSIONING_SYSTEM = "apple-generic";
				VERSION_INFO_PREFIX = "";
			};
			name = Release;
		};
		2524E5352830942C003DB3F1 /* Debug */ = {
			isa = XCBuildConfiguration;
			buildSettings = {
				ALWAYS_EMBED_SWIFT_STANDARD_LIBRARIES = YES;
				CODE_SIGN_STYLE = Automatic;
				CURRENT_PROJECT_VERSION = 1;
				DEVELOPMENT_TEAM = D52A67XHNN;
				GENERATE_INFOPLIST_FILE = YES;
				MARKETING_VERSION = 1.0;
				PRODUCT_BUNDLE_IDENTIFIER = dev.rootpath.PlacesApiTests;
				PRODUCT_NAME = "$(TARGET_NAME)";
				SWIFT_EMIT_LOC_STRINGS = NO;
				SWIFT_VERSION = 5.0;
				TARGETED_DEVICE_FAMILY = "1,2";
				TEST_HOST = "$(BUILT_PRODUCTS_DIR)/LunchApp.app/LunchApp";
			};
			name = Debug;
		};
		2524E5362830942C003DB3F1 /* Release */ = {
			isa = XCBuildConfiguration;
			buildSettings = {
				ALWAYS_EMBED_SWIFT_STANDARD_LIBRARIES = YES;
				CODE_SIGN_STYLE = Automatic;
				CURRENT_PROJECT_VERSION = 1;
				DEVELOPMENT_TEAM = D52A67XHNN;
				GENERATE_INFOPLIST_FILE = YES;
				MARKETING_VERSION = 1.0;
				PRODUCT_BUNDLE_IDENTIFIER = dev.rootpath.PlacesApiTests;
				PRODUCT_NAME = "$(TARGET_NAME)";
				SWIFT_EMIT_LOC_STRINGS = NO;
				SWIFT_VERSION = 5.0;
				TARGETED_DEVICE_FAMILY = "1,2";
				TEST_HOST = "$(BUILT_PRODUCTS_DIR)/LunchApp.app/LunchApp";
			};
			name = Release;
		};
		25DCF2042829F93F001494A2 /* Debug */ = {
			isa = XCBuildConfiguration;
			buildSettings = {
				ALWAYS_SEARCH_USER_PATHS = NO;
				CLANG_ANALYZER_NONNULL = YES;
				CLANG_ANALYZER_NUMBER_OBJECT_CONVERSION = YES_AGGRESSIVE;
				CLANG_CXX_LANGUAGE_STANDARD = "gnu++17";
				CLANG_ENABLE_MODULES = YES;
				CLANG_ENABLE_OBJC_ARC = YES;
				CLANG_ENABLE_OBJC_WEAK = YES;
				CLANG_WARN_BLOCK_CAPTURE_AUTORELEASING = YES;
				CLANG_WARN_BOOL_CONVERSION = YES;
				CLANG_WARN_COMMA = YES;
				CLANG_WARN_CONSTANT_CONVERSION = YES;
				CLANG_WARN_DEPRECATED_OBJC_IMPLEMENTATIONS = YES;
				CLANG_WARN_DIRECT_OBJC_ISA_USAGE = YES_ERROR;
				CLANG_WARN_DOCUMENTATION_COMMENTS = YES;
				CLANG_WARN_EMPTY_BODY = YES;
				CLANG_WARN_ENUM_CONVERSION = YES;
				CLANG_WARN_INFINITE_RECURSION = YES;
				CLANG_WARN_INT_CONVERSION = YES;
				CLANG_WARN_NON_LITERAL_NULL_CONVERSION = YES;
				CLANG_WARN_OBJC_IMPLICIT_RETAIN_SELF = YES;
				CLANG_WARN_OBJC_LITERAL_CONVERSION = YES;
				CLANG_WARN_OBJC_ROOT_CLASS = YES_ERROR;
				CLANG_WARN_QUOTED_INCLUDE_IN_FRAMEWORK_HEADER = YES;
				CLANG_WARN_RANGE_LOOP_ANALYSIS = YES;
				CLANG_WARN_STRICT_PROTOTYPES = YES;
				CLANG_WARN_SUSPICIOUS_MOVE = YES;
				CLANG_WARN_UNGUARDED_AVAILABILITY = YES_AGGRESSIVE;
				CLANG_WARN_UNREACHABLE_CODE = YES;
				CLANG_WARN__DUPLICATE_METHOD_MATCH = YES;
				COPY_PHASE_STRIP = NO;
				DEBUG_INFORMATION_FORMAT = dwarf;
				ENABLE_STRICT_OBJC_MSGSEND = YES;
				ENABLE_TESTABILITY = YES;
				GCC_C_LANGUAGE_STANDARD = gnu11;
				GCC_DYNAMIC_NO_PIC = NO;
				GCC_NO_COMMON_BLOCKS = YES;
				GCC_OPTIMIZATION_LEVEL = 0;
				GCC_PREPROCESSOR_DEFINITIONS = (
					"DEBUG=1",
					"$(inherited)",
				);
				GCC_WARN_64_TO_32_BIT_CONVERSION = YES;
				GCC_WARN_ABOUT_RETURN_TYPE = YES_ERROR;
				GCC_WARN_UNDECLARED_SELECTOR = YES;
				GCC_WARN_UNINITIALIZED_AUTOS = YES_AGGRESSIVE;
				GCC_WARN_UNUSED_FUNCTION = YES;
				GCC_WARN_UNUSED_VARIABLE = YES;
				IPHONEOS_DEPLOYMENT_TARGET = 15.4;
				MTL_ENABLE_DEBUG_INFO = INCLUDE_SOURCE;
				MTL_FAST_MATH = YES;
				ONLY_ACTIVE_ARCH = YES;
				SDKROOT = iphoneos;
				SWIFT_ACTIVE_COMPILATION_CONDITIONS = DEBUG;
				SWIFT_OPTIMIZATION_LEVEL = "-Onone";
			};
			name = Debug;
		};
		25DCF2052829F93F001494A2 /* Release */ = {
			isa = XCBuildConfiguration;
			buildSettings = {
				ALWAYS_SEARCH_USER_PATHS = NO;
				CLANG_ANALYZER_NONNULL = YES;
				CLANG_ANALYZER_NUMBER_OBJECT_CONVERSION = YES_AGGRESSIVE;
				CLANG_CXX_LANGUAGE_STANDARD = "gnu++17";
				CLANG_ENABLE_MODULES = YES;
				CLANG_ENABLE_OBJC_ARC = YES;
				CLANG_ENABLE_OBJC_WEAK = YES;
				CLANG_WARN_BLOCK_CAPTURE_AUTORELEASING = YES;
				CLANG_WARN_BOOL_CONVERSION = YES;
				CLANG_WARN_COMMA = YES;
				CLANG_WARN_CONSTANT_CONVERSION = YES;
				CLANG_WARN_DEPRECATED_OBJC_IMPLEMENTATIONS = YES;
				CLANG_WARN_DIRECT_OBJC_ISA_USAGE = YES_ERROR;
				CLANG_WARN_DOCUMENTATION_COMMENTS = YES;
				CLANG_WARN_EMPTY_BODY = YES;
				CLANG_WARN_ENUM_CONVERSION = YES;
				CLANG_WARN_INFINITE_RECURSION = YES;
				CLANG_WARN_INT_CONVERSION = YES;
				CLANG_WARN_NON_LITERAL_NULL_CONVERSION = YES;
				CLANG_WARN_OBJC_IMPLICIT_RETAIN_SELF = YES;
				CLANG_WARN_OBJC_LITERAL_CONVERSION = YES;
				CLANG_WARN_OBJC_ROOT_CLASS = YES_ERROR;
				CLANG_WARN_QUOTED_INCLUDE_IN_FRAMEWORK_HEADER = YES;
				CLANG_WARN_RANGE_LOOP_ANALYSIS = YES;
				CLANG_WARN_STRICT_PROTOTYPES = YES;
				CLANG_WARN_SUSPICIOUS_MOVE = YES;
				CLANG_WARN_UNGUARDED_AVAILABILITY = YES_AGGRESSIVE;
				CLANG_WARN_UNREACHABLE_CODE = YES;
				CLANG_WARN__DUPLICATE_METHOD_MATCH = YES;
				COPY_PHASE_STRIP = NO;
				DEBUG_INFORMATION_FORMAT = "dwarf-with-dsym";
				ENABLE_NS_ASSERTIONS = NO;
				ENABLE_STRICT_OBJC_MSGSEND = YES;
				GCC_C_LANGUAGE_STANDARD = gnu11;
				GCC_NO_COMMON_BLOCKS = YES;
				GCC_WARN_64_TO_32_BIT_CONVERSION = YES;
				GCC_WARN_ABOUT_RETURN_TYPE = YES_ERROR;
				GCC_WARN_UNDECLARED_SELECTOR = YES;
				GCC_WARN_UNINITIALIZED_AUTOS = YES_AGGRESSIVE;
				GCC_WARN_UNUSED_FUNCTION = YES;
				GCC_WARN_UNUSED_VARIABLE = YES;
				IPHONEOS_DEPLOYMENT_TARGET = 15.4;
				MTL_ENABLE_DEBUG_INFO = NO;
				MTL_FAST_MATH = YES;
				SDKROOT = iphoneos;
				SWIFT_COMPILATION_MODE = wholemodule;
				SWIFT_OPTIMIZATION_LEVEL = "-O";
				VALIDATE_PRODUCT = YES;
			};
			name = Release;
		};
		25DCF2072829F93F001494A2 /* Debug */ = {
			isa = XCBuildConfiguration;
			baseConfigurationReference = 2524E51328302758003DB3F1 /* SecretsDebug.xcconfig */;
			buildSettings = {
				ASSETCATALOG_COMPILER_APPICON_NAME = AppIcon;
				ASSETCATALOG_COMPILER_GLOBAL_ACCENT_COLOR_NAME = AccentColor;
				CODE_SIGN_STYLE = Automatic;
				CURRENT_PROJECT_VERSION = 1;
				DEVELOPMENT_TEAM = L9W5HH9VYD;
				GENERATE_INFOPLIST_FILE = YES;
				INFOPLIST_FILE = LunchApp/Info.plist;
				INFOPLIST_KEY_UIApplicationSupportsIndirectInputEvents = YES;
				INFOPLIST_KEY_UILaunchStoryboardName = LaunchScreen;
				INFOPLIST_KEY_UISupportedInterfaceOrientations_iPad = "UIInterfaceOrientationPortrait UIInterfaceOrientationPortraitUpsideDown UIInterfaceOrientationLandscapeLeft UIInterfaceOrientationLandscapeRight";
				INFOPLIST_KEY_UISupportedInterfaceOrientations_iPhone = "UIInterfaceOrientationPortrait UIInterfaceOrientationLandscapeLeft UIInterfaceOrientationLandscapeRight";
				LD_RUNPATH_SEARCH_PATHS = (
					"$(inherited)",
					"@executable_path/Frameworks",
				);
				MARKETING_VERSION = 1.0;
				PRODUCT_BUNDLE_IDENTIFIER = dev.rootpath.LunchApp;
				PRODUCT_NAME = "$(TARGET_NAME)";
				SWIFT_EMIT_LOC_STRINGS = YES;
				SWIFT_VERSION = 5.0;
				TARGETED_DEVICE_FAMILY = "1,2";
			};
			name = Debug;
		};
		25DCF2082829F93F001494A2 /* Release */ = {
			isa = XCBuildConfiguration;
			buildSettings = {
				ASSETCATALOG_COMPILER_APPICON_NAME = AppIcon;
				ASSETCATALOG_COMPILER_GLOBAL_ACCENT_COLOR_NAME = AccentColor;
				CODE_SIGN_STYLE = Automatic;
				CURRENT_PROJECT_VERSION = 1;
				DEVELOPMENT_TEAM = L9W5HH9VYD;
				GENERATE_INFOPLIST_FILE = YES;
				INFOPLIST_FILE = LunchApp/Info.plist;
				INFOPLIST_KEY_UIApplicationSupportsIndirectInputEvents = YES;
				INFOPLIST_KEY_UILaunchStoryboardName = LaunchScreen;
				INFOPLIST_KEY_UISupportedInterfaceOrientations_iPad = "UIInterfaceOrientationPortrait UIInterfaceOrientationPortraitUpsideDown UIInterfaceOrientationLandscapeLeft UIInterfaceOrientationLandscapeRight";
				INFOPLIST_KEY_UISupportedInterfaceOrientations_iPhone = "UIInterfaceOrientationPortrait UIInterfaceOrientationLandscapeLeft UIInterfaceOrientationLandscapeRight";
				LD_RUNPATH_SEARCH_PATHS = (
					"$(inherited)",
					"@executable_path/Frameworks",
				);
				MARKETING_VERSION = 1.0;
				PRODUCT_BUNDLE_IDENTIFIER = dev.rootpath.LunchApp;
				PRODUCT_NAME = "$(TARGET_NAME)";
				SWIFT_EMIT_LOC_STRINGS = YES;
				SWIFT_VERSION = 5.0;
				TARGETED_DEVICE_FAMILY = "1,2";
			};
			name = Release;
		};
		25DCF20A2829F93F001494A2 /* Debug */ = {
			isa = XCBuildConfiguration;
			buildSettings = {
				ALWAYS_EMBED_SWIFT_STANDARD_LIBRARIES = YES;
				BUNDLE_LOADER = "$(TEST_HOST)";
				CODE_SIGN_STYLE = Automatic;
				CURRENT_PROJECT_VERSION = 1;
				DEVELOPMENT_TEAM = D52A67XHNN;
				GENERATE_INFOPLIST_FILE = YES;
				IPHONEOS_DEPLOYMENT_TARGET = 15.4;
				MARKETING_VERSION = 1.0;
				PRODUCT_BUNDLE_IDENTIFIER = dev.rootpath.LunchAppTests;
				PRODUCT_NAME = "$(TARGET_NAME)";
				SWIFT_EMIT_LOC_STRINGS = NO;
				SWIFT_VERSION = 5.0;
				TARGETED_DEVICE_FAMILY = "1,2";
				TEST_HOST = "$(BUILT_PRODUCTS_DIR)/LunchApp.app/LunchApp";
			};
			name = Debug;
		};
		25DCF20B2829F93F001494A2 /* Release */ = {
			isa = XCBuildConfiguration;
			buildSettings = {
				ALWAYS_EMBED_SWIFT_STANDARD_LIBRARIES = YES;
				BUNDLE_LOADER = "$(TEST_HOST)";
				CODE_SIGN_STYLE = Automatic;
				CURRENT_PROJECT_VERSION = 1;
				DEVELOPMENT_TEAM = D52A67XHNN;
				GENERATE_INFOPLIST_FILE = YES;
				IPHONEOS_DEPLOYMENT_TARGET = 15.4;
				MARKETING_VERSION = 1.0;
				PRODUCT_BUNDLE_IDENTIFIER = dev.rootpath.LunchAppTests;
				PRODUCT_NAME = "$(TARGET_NAME)";
				SWIFT_EMIT_LOC_STRINGS = NO;
				SWIFT_VERSION = 5.0;
				TARGETED_DEVICE_FAMILY = "1,2";
				TEST_HOST = "$(BUILT_PRODUCTS_DIR)/LunchApp.app/LunchApp";
			};
			name = Release;
		};
		25DCF20D2829F93F001494A2 /* Debug */ = {
			isa = XCBuildConfiguration;
			buildSettings = {
				ALWAYS_EMBED_SWIFT_STANDARD_LIBRARIES = YES;
				CODE_SIGN_STYLE = Automatic;
				CURRENT_PROJECT_VERSION = 1;
				DEVELOPMENT_TEAM = D52A67XHNN;
				GENERATE_INFOPLIST_FILE = YES;
				MARKETING_VERSION = 1.0;
				PRODUCT_BUNDLE_IDENTIFIER = dev.rootpath.LunchAppUITests;
				PRODUCT_NAME = "$(TARGET_NAME)";
				SWIFT_EMIT_LOC_STRINGS = NO;
				SWIFT_VERSION = 5.0;
				TARGETED_DEVICE_FAMILY = "1,2";
				TEST_TARGET_NAME = LunchApp;
			};
			name = Debug;
		};
		25DCF20E2829F93F001494A2 /* Release */ = {
			isa = XCBuildConfiguration;
			buildSettings = {
				ALWAYS_EMBED_SWIFT_STANDARD_LIBRARIES = YES;
				CODE_SIGN_STYLE = Automatic;
				CURRENT_PROJECT_VERSION = 1;
				DEVELOPMENT_TEAM = D52A67XHNN;
				GENERATE_INFOPLIST_FILE = YES;
				MARKETING_VERSION = 1.0;
				PRODUCT_BUNDLE_IDENTIFIER = dev.rootpath.LunchAppUITests;
				PRODUCT_NAME = "$(TARGET_NAME)";
				SWIFT_EMIT_LOC_STRINGS = NO;
				SWIFT_VERSION = 5.0;
				TARGETED_DEVICE_FAMILY = "1,2";
				TEST_TARGET_NAME = LunchApp;
			};
			name = Release;
		};
/* End XCBuildConfiguration section */

/* Begin XCConfigurationList section */
		2524E5302830942C003DB3F1 /* Build configuration list for PBXNativeTarget "PlacesApi" */ = {
			isa = XCConfigurationList;
			buildConfigurations = (
				2524E5312830942C003DB3F1 /* Debug */,
				2524E5322830942C003DB3F1 /* Release */,
			);
			defaultConfigurationIsVisible = 0;
			defaultConfigurationName = Release;
		};
		2524E5342830942C003DB3F1 /* Build configuration list for PBXNativeTarget "PlacesApiTests" */ = {
			isa = XCConfigurationList;
			buildConfigurations = (
				2524E5352830942C003DB3F1 /* Debug */,
				2524E5362830942C003DB3F1 /* Release */,
			);
			defaultConfigurationIsVisible = 0;
			defaultConfigurationName = Release;
		};
		25DCF1D72829F93E001494A2 /* Build configuration list for PBXProject "LunchApp" */ = {
			isa = XCConfigurationList;
			buildConfigurations = (
				25DCF2042829F93F001494A2 /* Debug */,
				25DCF2052829F93F001494A2 /* Release */,
			);
			defaultConfigurationIsVisible = 0;
			defaultConfigurationName = Release;
		};
		25DCF2062829F93F001494A2 /* Build configuration list for PBXNativeTarget "LunchApp" */ = {
			isa = XCConfigurationList;
			buildConfigurations = (
				25DCF2072829F93F001494A2 /* Debug */,
				25DCF2082829F93F001494A2 /* Release */,
			);
			defaultConfigurationIsVisible = 0;
			defaultConfigurationName = Release;
		};
		25DCF2092829F93F001494A2 /* Build configuration list for PBXNativeTarget "LunchAppTests" */ = {
			isa = XCConfigurationList;
			buildConfigurations = (
				25DCF20A2829F93F001494A2 /* Debug */,
				25DCF20B2829F93F001494A2 /* Release */,
			);
			defaultConfigurationIsVisible = 0;
			defaultConfigurationName = Release;
		};
		25DCF20C2829F93F001494A2 /* Build configuration list for PBXNativeTarget "LunchAppUITests" */ = {
			isa = XCConfigurationList;
			buildConfigurations = (
				25DCF20D2829F93F001494A2 /* Debug */,
				25DCF20E2829F93F001494A2 /* Release */,
			);
			defaultConfigurationIsVisible = 0;
			defaultConfigurationName = Release;
		};
/* End XCConfigurationList section */

/* Begin XCRemoteSwiftPackageReference section */
		2524E5382831D73A003DB3F1 /* XCRemoteSwiftPackageReference "TinyConstraints" */ = {
			isa = XCRemoteSwiftPackageReference;
			repositoryURL = "https://github.com/roberthein/TinyConstraints.git";
			requirement = {
				kind = upToNextMajorVersion;
				minimumVersion = 4.0.0;
			};
		};
		25414168283340AC007EBB9E /* XCRemoteSwiftPackageReference "swift-log" */ = {
			isa = XCRemoteSwiftPackageReference;
			repositoryURL = "https://github.com/apple/swift-log.git";
			requirement = {
				kind = upToNextMajorVersion;
				minimumVersion = 1.0.0;
			};
		};
/* End XCRemoteSwiftPackageReference section */

/* Begin XCSwiftPackageProductDependency section */
		2524E5392831D73A003DB3F1 /* TinyConstraints */ = {
			isa = XCSwiftPackageProductDependency;
			package = 2524E5382831D73A003DB3F1 /* XCRemoteSwiftPackageReference "TinyConstraints" */;
			productName = TinyConstraints;
		};
		25414169283340AC007EBB9E /* Logging */ = {
			isa = XCSwiftPackageProductDependency;
			package = 25414168283340AC007EBB9E /* XCRemoteSwiftPackageReference "swift-log" */;
			productName = Logging;
		};
/* End XCSwiftPackageProductDependency section */
	};
	rootObject = 25DCF1D42829F93E001494A2 /* Project object */;
}
