// !$*UTF8*$!
{
	archiveVersion = 1;
	classes = {
	};
	objectVersion = 55;
	objects = {

/* Begin PBXBuildFile section */
		25DCF1E02829F93E001494A2 /* AppDelegate.swift in Sources */ = {isa = PBXBuildFile; fileRef = 25DCF1DF2829F93E001494A2 /* AppDelegate.swift */; };
		25DCF1E22829F93E001494A2 /* SceneDelegate.swift in Sources */ = {isa = PBXBuildFile; fileRef = 25DCF1E12829F93E001494A2 /* SceneDelegate.swift */; };
		25DCF1E42829F93E001494A2 /* ViewController.swift in Sources */ = {isa = PBXBuildFile; fileRef = 25DCF1E32829F93E001494A2 /* ViewController.swift */; };
		25DCF1E72829F93E001494A2 /* Main.storyboard in Resources */ = {isa = PBXBuildFile; fileRef = 25DCF1E52829F93E001494A2 /* Main.storyboard */; };
		25DCF1E92829F93F001494A2 /* Assets.xcassets in Resources */ = {isa = PBXBuildFile; fileRef = 25DCF1E82829F93F001494A2 /* Assets.xcassets */; };
		25DCF1EC2829F93F001494A2 /* LaunchScreen.storyboard in Resources */ = {isa = PBXBuildFile; fileRef = 25DCF1EA2829F93F001494A2 /* LaunchScreen.storyboard */; };
		25DCF1F72829F93F001494A2 /* LunchAppTests.swift in Sources */ = {isa = PBXBuildFile; fileRef = 25DCF1F62829F93F001494A2 /* LunchAppTests.swift */; };
		25DCF2012829F93F001494A2 /* LunchAppUITests.swift in Sources */ = {isa = PBXBuildFile; fileRef = 25DCF2002829F93F001494A2 /* LunchAppUITests.swift */; };
		25DCF2032829F93F001494A2 /* LunchAppUITestsLaunchTests.swift in Sources */ = {isa = PBXBuildFile; fileRef = 25DCF2022829F93F001494A2 /* LunchAppUITestsLaunchTests.swift */; };
/* End PBXBuildFile section */

/* Begin PBXContainerItemProxy section */
		25DCF1F32829F93F001494A2 /* PBXContainerItemProxy */ = {
			isa = PBXContainerItemProxy;
			containerPortal = 25DCF1D42829F93E001494A2 /* Project object */;
			proxyType = 1;
			remoteGlobalIDString = 25DCF1DB2829F93E001494A2;
			remoteInfo = LunchApp;
		};
		25DCF1FD2829F93F001494A2 /* PBXContainerItemProxy */ = {
			isa = PBXContainerItemProxy;
			containerPortal = 25DCF1D42829F93E001494A2 /* Project object */;
			proxyType = 1;
			remoteGlobalIDString = 25DCF1DB2829F93E001494A2;
			remoteInfo = LunchApp;
		};
/* End PBXContainerItemProxy section */

/* Begin PBXFileReference section */
		25DCF1DC2829F93E001494A2 /* LunchApp.app */ = {isa = PBXFileReference; explicitFileType = wrapper.application; includeInIndex = 0; path = LunchApp.app; sourceTree = BUILT_PRODUCTS_DIR; };
		25DCF1DF2829F93E001494A2 /* AppDelegate.swift */ = {isa = PBXFileReference; lastKnownFileType = sourcecode.swift; path = AppDelegate.swift; sourceTree = "<group>"; };
		25DCF1E12829F93E001494A2 /* SceneDelegate.swift */ = {isa = PBXFileReference; lastKnownFileType = sourcecode.swift; path = SceneDelegate.swift; sourceTree = "<group>"; };
		25DCF1E32829F93E001494A2 /* ViewController.swift */ = {isa = PBXFileReference; lastKnownFileType = sourcecode.swift; path = ViewController.swift; sourceTree = "<group>"; };
		25DCF1E62829F93E001494A2 /* Base */ = {isa = PBXFileReference; lastKnownFileType = file.storyboard; name = Base; path = Base.lproj/Main.storyboard; sourceTree = "<group>"; };
		25DCF1E82829F93F001494A2 /* Assets.xcassets */ = {isa = PBXFileReference; lastKnownFileType = folder.assetcatalog; path = Assets.xcassets; sourceTree = "<group>"; };
		25DCF1EB2829F93F001494A2 /* Base */ = {isa = PBXFileReference; lastKnownFileType = file.storyboard; name = Base; path = Base.lproj/LaunchScreen.storyboard; sourceTree = "<group>"; };
		25DCF1ED2829F93F001494A2 /* Info.plist */ = {isa = PBXFileReference; lastKnownFileType = text.plist.xml; path = Info.plist; sourceTree = "<group>"; };
		25DCF1F22829F93F001494A2 /* LunchAppTests.xctest */ = {isa = PBXFileReference; explicitFileType = wrapper.cfbundle; includeInIndex = 0; path = LunchAppTests.xctest; sourceTree = BUILT_PRODUCTS_DIR; };
		25DCF1F62829F93F001494A2 /* LunchAppTests.swift */ = {isa = PBXFileReference; lastKnownFileType = sourcecode.swift; path = LunchAppTests.swift; sourceTree = "<group>"; };
		25DCF1FC2829F93F001494A2 /* LunchAppUITests.xctest */ = {isa = PBXFileReference; explicitFileType = wrapper.cfbundle; includeInIndex = 0; path = LunchAppUITests.xctest; sourceTree = BUILT_PRODUCTS_DIR; };
		25DCF2002829F93F001494A2 /* LunchAppUITests.swift */ = {isa = PBXFileReference; lastKnownFileType = sourcecode.swift; path = LunchAppUITests.swift; sourceTree = "<group>"; };
		25DCF2022829F93F001494A2 /* LunchAppUITestsLaunchTests.swift */ = {isa = PBXFileReference; lastKnownFileType = sourcecode.swift; path = LunchAppUITestsLaunchTests.swift; sourceTree = "<group>"; };
/* End PBXFileReference section */

/* Begin PBXFrameworksBuildPhase section */
		25DCF1D92829F93E001494A2 /* Frameworks */ = {
			isa = PBXFrameworksBuildPhase;
			buildActionMask = 2147483647;
			files = (
			);
			runOnlyForDeploymentPostprocessing = 0;
		};
		25DCF1EF2829F93F001494A2 /* Frameworks */ = {
			isa = PBXFrameworksBuildPhase;
			buildActionMask = 2147483647;
			files = (
			);
			runOnlyForDeploymentPostprocessing = 0;
		};
		25DCF1F92829F93F001494A2 /* Frameworks */ = {
			isa = PBXFrameworksBuildPhase;
			buildActionMask = 2147483647;
			files = (
			);
			runOnlyForDeploymentPostprocessing = 0;
		};
/* End PBXFrameworksBuildPhase section */

/* Begin PBXGroup section */
		25DCF1D32829F93E001494A2 = {
			isa = PBXGroup;
			children = (
				25DCF1DE2829F93E001494A2 /* LunchApp */,
				25DCF1F52829F93F001494A2 /* LunchAppTests */,
				25DCF1FF2829F93F001494A2 /* LunchAppUITests */,
				25DCF1DD2829F93E001494A2 /* Products */,
			);
			sourceTree = "<group>";
		};
		25DCF1DD2829F93E001494A2 /* Products */ = {
			isa = PBXGroup;
			children = (
				25DCF1DC2829F93E001494A2 /* LunchApp.app */,
				25DCF1F22829F93F001494A2 /* LunchAppTests.xctest */,
				25DCF1FC2829F93F001494A2 /* LunchAppUITests.xctest */,
			);
			name = Products;
			sourceTree = "<group>";
		};
		25DCF1DE2829F93E001494A2 /* LunchApp */ = {
			isa = PBXGroup;
			children = (
				25DCF1DF2829F93E001494A2 /* AppDelegate.swift */,
				25DCF1E12829F93E001494A2 /* SceneDelegate.swift */,
				25DCF1E32829F93E001494A2 /* ViewController.swift */,
				25DCF1E52829F93E001494A2 /* Main.storyboard */,
				25DCF1E82829F93F001494A2 /* Assets.xcassets */,
				25DCF1EA2829F93F001494A2 /* LaunchScreen.storyboard */,
				25DCF1ED2829F93F001494A2 /* Info.plist */,
			);
			path = LunchApp;
			sourceTree = "<group>";
		};
		25DCF1F52829F93F001494A2 /* LunchAppTests */ = {
			isa = PBXGroup;
			children = (
				25DCF1F62829F93F001494A2 /* LunchAppTests.swift */,
			);
			path = LunchAppTests;
			sourceTree = "<group>";
		};
		25DCF1FF2829F93F001494A2 /* LunchAppUITests */ = {
			isa = PBXGroup;
			children = (
				25DCF2002829F93F001494A2 /* LunchAppUITests.swift */,
				25DCF2022829F93F001494A2 /* LunchAppUITestsLaunchTests.swift */,
			);
			path = LunchAppUITests;
			sourceTree = "<group>";
		};
/* End PBXGroup section */

/* Begin PBXNativeTarget section */
		25DCF1DB2829F93E001494A2 /* LunchApp */ = {
			isa = PBXNativeTarget;
			buildConfigurationList = 25DCF2062829F93F001494A2 /* Build configuration list for PBXNativeTarget "LunchApp" */;
			buildPhases = (
				25DCF1D82829F93E001494A2 /* Sources */,
				25DCF1D92829F93E001494A2 /* Frameworks */,
				25DCF1DA2829F93E001494A2 /* Resources */,
			);
			buildRules = (
			);
			dependencies = (
			);
			name = LunchApp;
			productName = LunchApp;
			productReference = 25DCF1DC2829F93E001494A2 /* LunchApp.app */;
			productType = "com.apple.product-type.application";
		};
		25DCF1F12829F93F001494A2 /* LunchAppTests */ = {
			isa = PBXNativeTarget;
			buildConfigurationList = 25DCF2092829F93F001494A2 /* Build configuration list for PBXNativeTarget "LunchAppTests" */;
			buildPhases = (
				25DCF1EE2829F93F001494A2 /* Sources */,
				25DCF1EF2829F93F001494A2 /* Frameworks */,
				25DCF1F02829F93F001494A2 /* Resources */,
			);
			buildRules = (
			);
			dependencies = (
				25DCF1F42829F93F001494A2 /* PBXTargetDependency */,
			);
			name = LunchAppTests;
			productName = LunchAppTests;
			productReference = 25DCF1F22829F93F001494A2 /* LunchAppTests.xctest */;
			productType = "com.apple.product-type.bundle.unit-test";
		};
		25DCF1FB2829F93F001494A2 /* LunchAppUITests */ = {
			isa = PBXNativeTarget;
			buildConfigurationList = 25DCF20C2829F93F001494A2 /* Build configuration list for PBXNativeTarget "LunchAppUITests" */;
			buildPhases = (
				25DCF1F82829F93F001494A2 /* Sources */,
				25DCF1F92829F93F001494A2 /* Frameworks */,
				25DCF1FA2829F93F001494A2 /* Resources */,
			);
			buildRules = (
			);
			dependencies = (
				25DCF1FE2829F93F001494A2 /* PBXTargetDependency */,
			);
			name = LunchAppUITests;
			productName = LunchAppUITests;
			productReference = 25DCF1FC2829F93F001494A2 /* LunchAppUITests.xctest */;
			productType = "com.apple.product-type.bundle.ui-testing";
		};
/* End PBXNativeTarget section */

/* Begin PBXProject section */
		25DCF1D42829F93E001494A2 /* Project object */ = {
			isa = PBXProject;
			attributes = {
				BuildIndependentTargetsInParallel = 1;
				LastSwiftUpdateCheck = 1330;
				LastUpgradeCheck = 1330;
				TargetAttributes = {
					25DCF1DB2829F93E001494A2 = {
						CreatedOnToolsVersion = 13.3.1;
					};
					25DCF1F12829F93F001494A2 = {
						CreatedOnToolsVersion = 13.3.1;
						TestTargetID = 25DCF1DB2829F93E001494A2;
					};
					25DCF1FB2829F93F001494A2 = {
						CreatedOnToolsVersion = 13.3.1;
						TestTargetID = 25DCF1DB2829F93E001494A2;
					};
				};
			};
			buildConfigurationList = 25DCF1D72829F93E001494A2 /* Build configuration list for PBXProject "LunchApp" */;
			compatibilityVersion = "Xcode 13.0";
			developmentRegion = en;
			hasScannedForEncodings = 0;
			knownRegions = (
				en,
				Base,
			);
			mainGroup = 25DCF1D32829F93E001494A2;
			productRefGroup = 25DCF1DD2829F93E001494A2 /* Products */;
			projectDirPath = "";
			projectRoot = "";
			targets = (
				25DCF1DB2829F93E001494A2 /* LunchApp */,
				25DCF1F12829F93F001494A2 /* LunchAppTests */,
				25DCF1FB2829F93F001494A2 /* LunchAppUITests */,
			);
		};
/* End PBXProject section */

/* Begin PBXResourcesBuildPhase section */
		25DCF1DA2829F93E001494A2 /* Resources */ = {
			isa = PBXResourcesBuildPhase;
			buildActionMask = 2147483647;
			files = (
				25DCF1EC2829F93F001494A2 /* LaunchScreen.storyboard in Resources */,
				25DCF1E92829F93F001494A2 /* Assets.xcassets in Resources */,
				25DCF1E72829F93E001494A2 /* Main.storyboard in Resources */,
			);
			runOnlyForDeploymentPostprocessing = 0;
		};
		25DCF1F02829F93F001494A2 /* Resources */ = {
			isa = PBXResourcesBuildPhase;
			buildActionMask = 2147483647;
			files = (
			);
			runOnlyForDeploymentPostprocessing = 0;
		};
		25DCF1FA2829F93F001494A2 /* Resources */ = {
			isa = PBXResourcesBuildPhase;
			buildActionMask = 2147483647;
			files = (
			);
			runOnlyForDeploymentPostprocessing = 0;
		};
/* End PBXResourcesBuildPhase section */

/* Begin PBXSourcesBuildPhase section */
		25DCF1D82829F93E001494A2 /* Sources */ = {
			isa = PBXSourcesBuildPhase;
			buildActionMask = 2147483647;
			files = (
				25DCF1E42829F93E001494A2 /* ViewController.swift in Sources */,
				25DCF1E02829F93E001494A2 /* AppDelegate.swift in Sources */,
				25DCF1E22829F93E001494A2 /* SceneDelegate.swift in Sources */,
			);
			runOnlyForDeploymentPostprocessing = 0;
		};
		25DCF1EE2829F93F001494A2 /* Sources */ = {
			isa = PBXSourcesBuildPhase;
			buildActionMask = 2147483647;
			files = (
				25DCF1F72829F93F001494A2 /* LunchAppTests.swift in Sources */,
			);
			runOnlyForDeploymentPostprocessing = 0;
		};
		25DCF1F82829F93F001494A2 /* Sources */ = {
			isa = PBXSourcesBuildPhase;
			buildActionMask = 2147483647;
			files = (
				25DCF2032829F93F001494A2 /* LunchAppUITestsLaunchTests.swift in Sources */,
				25DCF2012829F93F001494A2 /* LunchAppUITests.swift in Sources */,
			);
			runOnlyForDeploymentPostprocessing = 0;
		};
/* End PBXSourcesBuildPhase section */

/* Begin PBXTargetDependency section */
		25DCF1F42829F93F001494A2 /* PBXTargetDependency */ = {
			isa = PBXTargetDependency;
			target = 25DCF1DB2829F93E001494A2 /* LunchApp */;
			targetProxy = 25DCF1F32829F93F001494A2 /* PBXContainerItemProxy */;
		};
		25DCF1FE2829F93F001494A2 /* PBXTargetDependency */ = {
			isa = PBXTargetDependency;
			target = 25DCF1DB2829F93E001494A2 /* LunchApp */;
			targetProxy = 25DCF1FD2829F93F001494A2 /* PBXContainerItemProxy */;
		};
/* End PBXTargetDependency section */

/* Begin PBXVariantGroup section */
		25DCF1E52829F93E001494A2 /* Main.storyboard */ = {
			isa = PBXVariantGroup;
			children = (
				25DCF1E62829F93E001494A2 /* Base */,
			);
			name = Main.storyboard;
			sourceTree = "<group>";
		};
		25DCF1EA2829F93F001494A2 /* LaunchScreen.storyboard */ = {
			isa = PBXVariantGroup;
			children = (
				25DCF1EB2829F93F001494A2 /* Base */,
			);
			name = LaunchScreen.storyboard;
			sourceTree = "<group>";
		};
/* End PBXVariantGroup section */

/* Begin XCBuildConfiguration section */
		25DCF2042829F93F001494A2 /* Debug */ = {
			isa = XCBuildConfiguration;
			buildSettings = {
				ALWAYS_SEARCH_USER_PATHS = NO;
				CLANG_ANALYZER_NONNULL = YES;
				CLANG_ANALYZER_NUMBER_OBJECT_CONVERSION = YES_AGGRESSIVE;
				CLANG_CXX_LANGUAGE_STANDARD = "gnu++17";
				CLANG_ENABLE_MODULES = YES;
				CLANG_ENABLE_OBJC_ARC = YES;
				CLANG_ENABLE_OBJC_WEAK = YES;
				CLANG_WARN_BLOCK_CAPTURE_AUTORELEASING = YES;
				CLANG_WARN_BOOL_CONVERSION = YES;
				CLANG_WARN_COMMA = YES;
				CLANG_WARN_CONSTANT_CONVERSION = YES;
				CLANG_WARN_DEPRECATED_OBJC_IMPLEMENTATIONS = YES;
				CLANG_WARN_DIRECT_OBJC_ISA_USAGE = YES_ERROR;
				CLANG_WARN_DOCUMENTATION_COMMENTS = YES;
				CLANG_WARN_EMPTY_BODY = YES;
				CLANG_WARN_ENUM_CONVERSION = YES;
				CLANG_WARN_INFINITE_RECURSION = YES;
				CLANG_WARN_INT_CONVERSION = YES;
				CLANG_WARN_NON_LITERAL_NULL_CONVERSION = YES;
				CLANG_WARN_OBJC_IMPLICIT_RETAIN_SELF = YES;
				CLANG_WARN_OBJC_LITERAL_CONVERSION = YES;
				CLANG_WARN_OBJC_ROOT_CLASS = YES_ERROR;
				CLANG_WARN_QUOTED_INCLUDE_IN_FRAMEWORK_HEADER = YES;
				CLANG_WARN_RANGE_LOOP_ANALYSIS = YES;
				CLANG_WARN_STRICT_PROTOTYPES = YES;
				CLANG_WARN_SUSPICIOUS_MOVE = YES;
				CLANG_WARN_UNGUARDED_AVAILABILITY = YES_AGGRESSIVE;
				CLANG_WARN_UNREACHABLE_CODE = YES;
				CLANG_WARN__DUPLICATE_METHOD_MATCH = YES;
				COPY_PHASE_STRIP = NO;
				DEBUG_INFORMATION_FORMAT = dwarf;
				ENABLE_STRICT_OBJC_MSGSEND = YES;
				ENABLE_TESTABILITY = YES;
				GCC_C_LANGUAGE_STANDARD = gnu11;
				GCC_DYNAMIC_NO_PIC = NO;
				GCC_NO_COMMON_BLOCKS = YES;
				GCC_OPTIMIZATION_LEVEL = 0;
				GCC_PREPROCESSOR_DEFINITIONS = (
					"DEBUG=1",
					"$(inherited)",
				);
				GCC_WARN_64_TO_32_BIT_CONVERSION = YES;
				GCC_WARN_ABOUT_RETURN_TYPE = YES_ERROR;
				GCC_WARN_UNDECLARED_SELECTOR = YES;
				GCC_WARN_UNINITIALIZED_AUTOS = YES_AGGRESSIVE;
				GCC_WARN_UNUSED_FUNCTION = YES;
				GCC_WARN_UNUSED_VARIABLE = YES;
				IPHONEOS_DEPLOYMENT_TARGET = 15.4;
				MTL_ENABLE_DEBUG_INFO = INCLUDE_SOURCE;
				MTL_FAST_MATH = YES;
				ONLY_ACTIVE_ARCH = YES;
				SDKROOT = iphoneos;
				SWIFT_ACTIVE_COMPILATION_CONDITIONS = DEBUG;
				SWIFT_OPTIMIZATION_LEVEL = "-Onone";
			};
			name = Debug;
		};
		25DCF2052829F93F001494A2 /* Release */ = {
			isa = XCBuildConfiguration;
			buildSettings = {
				ALWAYS_SEARCH_USER_PATHS = NO;
				CLANG_ANALYZER_NONNULL = YES;
				CLANG_ANALYZER_NUMBER_OBJECT_CONVERSION = YES_AGGRESSIVE;
				CLANG_CXX_LANGUAGE_STANDARD = "gnu++17";
				CLANG_ENABLE_MODULES = YES;
				CLANG_ENABLE_OBJC_ARC = YES;
				CLANG_ENABLE_OBJC_WEAK = YES;
				CLANG_WARN_BLOCK_CAPTURE_AUTORELEASING = YES;
				CLANG_WARN_BOOL_CONVERSION = YES;
				CLANG_WARN_COMMA = YES;
				CLANG_WARN_CONSTANT_CONVERSION = YES;
				CLANG_WARN_DEPRECATED_OBJC_IMPLEMENTATIONS = YES;
				CLANG_WARN_DIRECT_OBJC_ISA_USAGE = YES_ERROR;
				CLANG_WARN_DOCUMENTATION_COMMENTS = YES;
				CLANG_WARN_EMPTY_BODY = YES;
				CLANG_WARN_ENUM_CONVERSION = YES;
				CLANG_WARN_INFINITE_RECURSION = YES;
				CLANG_WARN_INT_CONVERSION = YES;
				CLANG_WARN_NON_LITERAL_NULL_CONVERSION = YES;
				CLANG_WARN_OBJC_IMPLICIT_RETAIN_SELF = YES;
				CLANG_WARN_OBJC_LITERAL_CONVERSION = YES;
				CLANG_WARN_OBJC_ROOT_CLASS = YES_ERROR;
				CLANG_WARN_QUOTED_INCLUDE_IN_FRAMEWORK_HEADER = YES;
				CLANG_WARN_RANGE_LOOP_ANALYSIS = YES;
				CLANG_WARN_STRICT_PROTOTYPES = YES;
				CLANG_WARN_SUSPICIOUS_MOVE = YES;
				CLANG_WARN_UNGUARDED_AVAILABILITY = YES_AGGRESSIVE;
				CLANG_WARN_UNREACHABLE_CODE = YES;
				CLANG_WARN__DUPLICATE_METHOD_MATCH = YES;
				COPY_PHASE_STRIP = NO;
				DEBUG_INFORMATION_FORMAT = "dwarf-with-dsym";
				ENABLE_NS_ASSERTIONS = NO;
				ENABLE_STRICT_OBJC_MSGSEND = YES;
				GCC_C_LANGUAGE_STANDARD = gnu11;
				GCC_NO_COMMON_BLOCKS = YES;
				GCC_WARN_64_TO_32_BIT_CONVERSION = YES;
				GCC_WARN_ABOUT_RETURN_TYPE = YES_ERROR;
				GCC_WARN_UNDECLARED_SELECTOR = YES;
				GCC_WARN_UNINITIALIZED_AUTOS = YES_AGGRESSIVE;
				GCC_WARN_UNUSED_FUNCTION = YES;
				GCC_WARN_UNUSED_VARIABLE = YES;
				IPHONEOS_DEPLOYMENT_TARGET = 15.4;
				MTL_ENABLE_DEBUG_INFO = NO;
				MTL_FAST_MATH = YES;
				SDKROOT = iphoneos;
				SWIFT_COMPILATION_MODE = wholemodule;
				SWIFT_OPTIMIZATION_LEVEL = "-O";
				VALIDATE_PRODUCT = YES;
			};
			name = Release;
		};
		25DCF2072829F93F001494A2 /* Debug */ = {
			isa = XCBuildConfiguration;
			buildSettings = {
				ASSETCATALOG_COMPILER_APPICON_NAME = AppIcon;
				ASSETCATALOG_COMPILER_GLOBAL_ACCENT_COLOR_NAME = AccentColor;
				CODE_SIGN_STYLE = Automatic;
				CURRENT_PROJECT_VERSION = 1;
				DEVELOPMENT_TEAM = D52A67XHNN;
				GENERATE_INFOPLIST_FILE = YES;
				INFOPLIST_FILE = LunchApp/Info.plist;
				INFOPLIST_KEY_UIApplicationSupportsIndirectInputEvents = YES;
				INFOPLIST_KEY_UILaunchStoryboardName = LaunchScreen;
				INFOPLIST_KEY_UIMainStoryboardFile = Main;
				INFOPLIST_KEY_UISupportedInterfaceOrientations_iPad = "UIInterfaceOrientationPortrait UIInterfaceOrientationPortraitUpsideDown UIInterfaceOrientationLandscapeLeft UIInterfaceOrientationLandscapeRight";
				INFOPLIST_KEY_UISupportedInterfaceOrientations_iPhone = "UIInterfaceOrientationPortrait UIInterfaceOrientationLandscapeLeft UIInterfaceOrientationLandscapeRight";
				LD_RUNPATH_SEARCH_PATHS = (
					"$(inherited)",
					"@executable_path/Frameworks",
				);
				MARKETING_VERSION = 1.0;
				PRODUCT_BUNDLE_IDENTIFIER = dev.rootpath.LunchApp;
				PRODUCT_NAME = "$(TARGET_NAME)";
				SWIFT_EMIT_LOC_STRINGS = YES;
				SWIFT_VERSION = 5.0;
				TARGETED_DEVICE_FAMILY = "1,2";
			};
			name = Debug;
		};
		25DCF2082829F93F001494A2 /* Release */ = {
			isa = XCBuildConfiguration;
			buildSettings = {
				ASSETCATALOG_COMPILER_APPICON_NAME = AppIcon;
				ASSETCATALOG_COMPILER_GLOBAL_ACCENT_COLOR_NAME = AccentColor;
				CODE_SIGN_STYLE = Automatic;
				CURRENT_PROJECT_VERSION = 1;
				DEVELOPMENT_TEAM = D52A67XHNN;
				GENERATE_INFOPLIST_FILE = YES;
				INFOPLIST_FILE = LunchApp/Info.plist;
				INFOPLIST_KEY_UIApplicationSupportsIndirectInputEvents = YES;
				INFOPLIST_KEY_UILaunchStoryboardName = LaunchScreen;
				INFOPLIST_KEY_UIMainStoryboardFile = Main;
				INFOPLIST_KEY_UISupportedInterfaceOrientations_iPad = "UIInterfaceOrientationPortrait UIInterfaceOrientationPortraitUpsideDown UIInterfaceOrientationLandscapeLeft UIInterfaceOrientationLandscapeRight";
				INFOPLIST_KEY_UISupportedInterfaceOrientations_iPhone = "UIInterfaceOrientationPortrait UIInterfaceOrientationLandscapeLeft UIInterfaceOrientationLandscapeRight";
				LD_RUNPATH_SEARCH_PATHS = (
					"$(inherited)",
					"@executable_path/Frameworks",
				);
				MARKETING_VERSION = 1.0;
				PRODUCT_BUNDLE_IDENTIFIER = dev.rootpath.LunchApp;
				PRODUCT_NAME = "$(TARGET_NAME)";
				SWIFT_EMIT_LOC_STRINGS = YES;
				SWIFT_VERSION = 5.0;
				TARGETED_DEVICE_FAMILY = "1,2";
			};
			name = Release;
		};
		25DCF20A2829F93F001494A2 /* Debug */ = {
			isa = XCBuildConfiguration;
			buildSettings = {
				ALWAYS_EMBED_SWIFT_STANDARD_LIBRARIES = YES;
				BUNDLE_LOADER = "$(TEST_HOST)";
				CODE_SIGN_STYLE = Automatic;
				CURRENT_PROJECT_VERSION = 1;
				DEVELOPMENT_TEAM = D52A67XHNN;
				GENERATE_INFOPLIST_FILE = YES;
				IPHONEOS_DEPLOYMENT_TARGET = 15.4;
				MARKETING_VERSION = 1.0;
				PRODUCT_BUNDLE_IDENTIFIER = dev.rootpath.LunchAppTests;
				PRODUCT_NAME = "$(TARGET_NAME)";
				SWIFT_EMIT_LOC_STRINGS = NO;
				SWIFT_VERSION = 5.0;
				TARGETED_DEVICE_FAMILY = "1,2";
				TEST_HOST = "$(BUILT_PRODUCTS_DIR)/LunchApp.app/LunchApp";
			};
			name = Debug;
		};
		25DCF20B2829F93F001494A2 /* Release */ = {
			isa = XCBuildConfiguration;
			buildSettings = {
				ALWAYS_EMBED_SWIFT_STANDARD_LIBRARIES = YES;
				BUNDLE_LOADER = "$(TEST_HOST)";
				CODE_SIGN_STYLE = Automatic;
				CURRENT_PROJECT_VERSION = 1;
				DEVELOPMENT_TEAM = D52A67XHNN;
				GENERATE_INFOPLIST_FILE = YES;
				IPHONEOS_DEPLOYMENT_TARGET = 15.4;
				MARKETING_VERSION = 1.0;
				PRODUCT_BUNDLE_IDENTIFIER = dev.rootpath.LunchAppTests;
				PRODUCT_NAME = "$(TARGET_NAME)";
				SWIFT_EMIT_LOC_STRINGS = NO;
				SWIFT_VERSION = 5.0;
				TARGETED_DEVICE_FAMILY = "1,2";
				TEST_HOST = "$(BUILT_PRODUCTS_DIR)/LunchApp.app/LunchApp";
			};
			name = Release;
		};
		25DCF20D2829F93F001494A2 /* Debug */ = {
			isa = XCBuildConfiguration;
			buildSettings = {
				ALWAYS_EMBED_SWIFT_STANDARD_LIBRARIES = YES;
				CODE_SIGN_STYLE = Automatic;
				CURRENT_PROJECT_VERSION = 1;
				DEVELOPMENT_TEAM = D52A67XHNN;
				GENERATE_INFOPLIST_FILE = YES;
				MARKETING_VERSION = 1.0;
				PRODUCT_BUNDLE_IDENTIFIER = dev.rootpath.LunchAppUITests;
				PRODUCT_NAME = "$(TARGET_NAME)";
				SWIFT_EMIT_LOC_STRINGS = NO;
				SWIFT_VERSION = 5.0;
				TARGETED_DEVICE_FAMILY = "1,2";
				TEST_TARGET_NAME = LunchApp;
			};
			name = Debug;
		};
		25DCF20E2829F93F001494A2 /* Release */ = {
			isa = XCBuildConfiguration;
			buildSettings = {
				ALWAYS_EMBED_SWIFT_STANDARD_LIBRARIES = YES;
				CODE_SIGN_STYLE = Automatic;
				CURRENT_PROJECT_VERSION = 1;
				DEVELOPMENT_TEAM = D52A67XHNN;
				GENERATE_INFOPLIST_FILE = YES;
				MARKETING_VERSION = 1.0;
				PRODUCT_BUNDLE_IDENTIFIER = dev.rootpath.LunchAppUITests;
				PRODUCT_NAME = "$(TARGET_NAME)";
				SWIFT_EMIT_LOC_STRINGS = NO;
				SWIFT_VERSION = 5.0;
				TARGETED_DEVICE_FAMILY = "1,2";
				TEST_TARGET_NAME = LunchApp;
			};
			name = Release;
		};
/* End XCBuildConfiguration section */

/* Begin XCConfigurationList section */
		25DCF1D72829F93E001494A2 /* Build configuration list for PBXProject "LunchApp" */ = {
			isa = XCConfigurationList;
			buildConfigurations = (
				25DCF2042829F93F001494A2 /* Debug */,
				25DCF2052829F93F001494A2 /* Release */,
			);
			defaultConfigurationIsVisible = 0;
			defaultConfigurationName = Release;
		};
		25DCF2062829F93F001494A2 /* Build configuration list for PBXNativeTarget "LunchApp" */ = {
			isa = XCConfigurationList;
			buildConfigurations = (
				25DCF2072829F93F001494A2 /* Debug */,
				25DCF2082829F93F001494A2 /* Release */,
			);
			defaultConfigurationIsVisible = 0;
			defaultConfigurationName = Release;
		};
		25DCF2092829F93F001494A2 /* Build configuration list for PBXNativeTarget "LunchAppTests" */ = {
			isa = XCConfigurationList;
			buildConfigurations = (
				25DCF20A2829F93F001494A2 /* Debug */,
				25DCF20B2829F93F001494A2 /* Release */,
			);
			defaultConfigurationIsVisible = 0;
			defaultConfigurationName = Release;
		};
		25DCF20C2829F93F001494A2 /* Build configuration list for PBXNativeTarget "LunchAppUITests" */ = {
			isa = XCConfigurationList;
			buildConfigurations = (
				25DCF20D2829F93F001494A2 /* Debug */,
				25DCF20E2829F93F001494A2 /* Release */,
			);
			defaultConfigurationIsVisible = 0;
			defaultConfigurationName = Release;
		};
/* End XCConfigurationList section */
	};
	rootObject = 25DCF1D42829F93E001494A2 /* Project object */;
}
